
Microsoft Visual Studio Solution File, Format Version 12.00
# Visual Studio Version 16
VisualStudioVersion = 16.0.31613.86
MinimumVisualStudioVersion = 10.0.40219.1
Project("{9A19103F-16F7-4668-BE54-9A1E7A4F7556}") = "OA_DAL", "OA_DAL\OA_DAL.csproj", "{B5BFFD16-BFA9-48F1-915E-F02706E0674A}"
EndProject
Project("{9A19103F-16F7-4668-BE54-9A1E7A4F7556}") = "OA_Repository", "OA_Repository\OA_Repository.csproj", "{0FC9994E-9394-4950-A3D6-880DB02D1B09}"
EndProject
Project("{9A19103F-16F7-4668-BE54-9A1E7A4F7556}") = "OA_Service", "OA_Service\OA_Service.csproj", "{0E70C2ED-E934-48C9-9D84-E80FE0A4B2DD}"
EndProject
Project("{FAE04EC0-301F-11D3-BF4B-00C04F79EFBC}") = "OA_Web", "OA_Web\OA_Web.csproj", "{7505C042-F2CD-462E-AE6D-31C968E5923D}"
EndProject
Global
	GlobalSection(SolutionConfigurationPlatforms) = preSolution
		Debug|Any CPU = Debug|Any CPU
		Release|Any CPU = Release|Any CPU
	EndGlobalSection
	GlobalSection(ProjectConfigurationPlatforms) = postSolution
		{B5BFFD16-BFA9-48F1-915E-F02706E0674A}.Debug|Any CPU.ActiveCfg = Debug|Any CPU
		{B5BFFD16-BFA9-48F1-915E-F02706E0674A}.Debug|Any CPU.Build.0 = Debug|Any CPU
		{B5BFFD16-BFA9-48F1-915E-F02706E0674A}.Release|Any CPU.ActiveCfg = Release|Any CPU
		{B5BFFD16-BFA9-48F1-915E-F02706E0674A}.Release|Any CPU.Build.0 = Release|Any CPU
		{0FC9994E-9394-4950-A3D6-880DB02D1B09}.Debug|Any CPU.ActiveCfg = Debug|Any CPU
		{0FC9994E-9394-4950-A3D6-880DB02D1B09}.Debug|Any CPU.Build.0 = Debug|Any CPU
		{0FC9994E-9394-4950-A3D6-880DB02D1B09}.Release|Any CPU.ActiveCfg = Release|Any CPU
		{0FC9994E-9394-4950-A3D6-880DB02D1B09}.Release|Any CPU.Build.0 = Release|Any CPU
		{0E70C2ED-E934-48C9-9D84-E80FE0A4B2DD}.Debug|Any CPU.ActiveCfg = Debug|Any CPU
		{0E70C2ED-E934-48C9-9D84-E80FE0A4B2DD}.Debug|Any CPU.Build.0 = Debug|Any CPU
		{0E70C2ED-E934-48C9-9D84-E80FE0A4B2DD}.Release|Any CPU.ActiveCfg = Release|Any CPU
		{0E70C2ED-E934-48C9-9D84-E80FE0A4B2DD}.Release|Any CPU.Build.0 = Release|Any CPU
		{7505C042-F2CD-462E-AE6D-31C968E5923D}.Debug|Any CPU.ActiveCfg = Debug|Any CPU
		{7505C042-F2CD-462E-AE6D-31C968E5923D}.Debug|Any CPU.Build.0 = Debug|Any CPU
		{7505C042-F2CD-462E-AE6D-31C968E5923D}.Release|Any CPU.ActiveCfg = Release|Any CPU
		{7505C042-F2CD-462E-AE6D-31C968E5923D}.Release|Any CPU.Build.0 = Release|Any CPU
	EndGlobalSection
	GlobalSection(SolutionProperties) = preSolution
		HideSolutionNode = FALSE
	EndGlobalSection
	GlobalSection(ExtensibilityGlobals) = postSolution
		SolutionGuid = {E15F8597-E214-41B5-90DC-1A4A3ED3A1F7}
	EndGlobalSection
EndGlobal
